// !$*UTF8*$!
{
	archiveVersion = 1;
	classes = {
	};
	objectVersion = 46;
	objects = {

/* Begin PBXBuildFile section */
		2E845BC316D2AA1E004E6CED /* KFCMenuViewController.m in Sources */ = {isa = PBXBuildFile; fileRef = 2E845BC216D2AA1E004E6CED /* KFCMenuViewController.m */; };
		2E845BCA16D2BB62004E6CED /* KFCNavBar.m in Sources */ = {isa = PBXBuildFile; fileRef = 2E845BC916D2BB62004E6CED /* KFCNavBar.m */; };
		2E845BCE16D2C0C3004E6CED /* accesory.png in Resources */ = {isa = PBXBuildFile; fileRef = 2E845BCD16D2C0C3004E6CED /* accesory.png */; };
		2E845BD016D2C20F004E6CED /* bg@2x.png in Resources */ = {isa = PBXBuildFile; fileRef = 2E845BCF16D2C20F004E6CED /* bg@2x.png */; };
		2E845BD316D2C232004E6CED /* KFCBackground.m in Sources */ = {isa = PBXBuildFile; fileRef = 2E845BD216D2C232004E6CED /* KFCBackground.m */; };
		2E845BD516D2C3A7004E6CED /* navbar@2x.png in Resources */ = {isa = PBXBuildFile; fileRef = 2E845BD416D2C3A7004E6CED /* navbar@2x.png */; };
		2E845BD816D2C588004E6CED /* KFCMenuItemsViewController.m in Sources */ = {isa = PBXBuildFile; fileRef = 2E845BD716D2C588004E6CED /* KFCMenuItemsViewController.m */; };
		2E845C5D16D2E1D7004E6CED /* m1.png in Resources */ = {isa = PBXBuildFile; fileRef = 2E845C3616D2E1D7004E6CED /* m1.png */; };
		2E845C5E16D2E1D7004E6CED /* m2.png in Resources */ = {isa = PBXBuildFile; fileRef = 2E845C3716D2E1D7004E6CED /* m2.png */; };
		2E845C5F16D2E1D7004E6CED /* m3.png in Resources */ = {isa = PBXBuildFile; fileRef = 2E845C3816D2E1D7004E6CED /* m3.png */; };
		2E845C6016D2E1D7004E6CED /* m4.png in Resources */ = {isa = PBXBuildFile; fileRef = 2E845C3916D2E1D7004E6CED /* m4.png */; };
		2E845C6116D2E1D7004E6CED /* m5.png in Resources */ = {isa = PBXBuildFile; fileRef = 2E845C3A16D2E1D7004E6CED /* m5.png */; };
		2E845C6216D2E1D7004E6CED /* m6.png in Resources */ = {isa = PBXBuildFile; fileRef = 2E845C3B16D2E1D7004E6CED /* m6.png */; };
		2E845C6316D2E1D7004E6CED /* m7.png in Resources */ = {isa = PBXBuildFile; fileRef = 2E845C3C16D2E1D7004E6CED /* m7.png */; };
		2E845C6416D2E1D7004E6CED /* m8.png in Resources */ = {isa = PBXBuildFile; fileRef = 2E845C3D16D2E1D7004E6CED /* m8.png */; };
		2E845C6516D2E1D7004E6CED /* m9.png in Resources */ = {isa = PBXBuildFile; fileRef = 2E845C3E16D2E1D7004E6CED /* m9.png */; };
		2E845C6616D2E1D7004E6CED /* m10.png in Resources */ = {isa = PBXBuildFile; fileRef = 2E845C3F16D2E1D7004E6CED /* m10.png */; };
		2E845C6716D2E1D7004E6CED /* m11.png in Resources */ = {isa = PBXBuildFile; fileRef = 2E845C4016D2E1D7004E6CED /* m11.png */; };
		2E845C6816D2E1D7004E6CED /* m13.png in Resources */ = {isa = PBXBuildFile; fileRef = 2E845C4116D2E1D7004E6CED /* m13.png */; };
		2E845C6916D2E1D7004E6CED /* m14.png in Resources */ = {isa = PBXBuildFile; fileRef = 2E845C4216D2E1D7004E6CED /* m14.png */; };
		2E845C6A16D2E1D7004E6CED /* m16.png in Resources */ = {isa = PBXBuildFile; fileRef = 2E845C4316D2E1D7004E6CED /* m16.png */; };
		2E845C6B16D2E1D7004E6CED /* m17.png in Resources */ = {isa = PBXBuildFile; fileRef = 2E845C4416D2E1D7004E6CED /* m17.png */; };
		2E845C6C16D2E1D7004E6CED /* m18.png in Resources */ = {isa = PBXBuildFile; fileRef = 2E845C4516D2E1D7004E6CED /* m18.png */; };
		2E845C6D16D2E1D7004E6CED /* m19.png in Resources */ = {isa = PBXBuildFile; fileRef = 2E845C4616D2E1D7004E6CED /* m19.png */; };
		2E845C6E16D2E1D7004E6CED /* m20.png in Resources */ = {isa = PBXBuildFile; fileRef = 2E845C4716D2E1D7004E6CED /* m20.png */; };
		2E845C6F16D2E1D7004E6CED /* m21.png in Resources */ = {isa = PBXBuildFile; fileRef = 2E845C4816D2E1D7004E6CED /* m21.png */; };
		2E845C7016D2E1D7004E6CED /* m22.png in Resources */ = {isa = PBXBuildFile; fileRef = 2E845C4916D2E1D7004E6CED /* m22.png */; };
		2E845C7116D2E1D7004E6CED /* m23.png in Resources */ = {isa = PBXBuildFile; fileRef = 2E845C4A16D2E1D7004E6CED /* m23.png */; };
		2E845C7216D2E1D7004E6CED /* m24.png in Resources */ = {isa = PBXBuildFile; fileRef = 2E845C4B16D2E1D7004E6CED /* m24.png */; };
		2E845C7316D2E1D7004E6CED /* m25.png in Resources */ = {isa = PBXBuildFile; fileRef = 2E845C4C16D2E1D7004E6CED /* m25.png */; };
		2E845C7416D2E1D7004E6CED /* m26.png in Resources */ = {isa = PBXBuildFile; fileRef = 2E845C4D16D2E1D7004E6CED /* m26.png */; };
		2E845C7516D2E1D7004E6CED /* m27.png in Resources */ = {isa = PBXBuildFile; fileRef = 2E845C4E16D2E1D7004E6CED /* m27.png */; };
		2E845C7616D2E1D7004E6CED /* m28.png in Resources */ = {isa = PBXBuildFile; fileRef = 2E845C4F16D2E1D7004E6CED /* m28.png */; };
		2E845C7716D2E1D7004E6CED /* m29.png in Resources */ = {isa = PBXBuildFile; fileRef = 2E845C5016D2E1D7004E6CED /* m29.png */; };
		2E845C7816D2E1D7004E6CED /* m30.png in Resources */ = {isa = PBXBuildFile; fileRef = 2E845C5116D2E1D7004E6CED /* m30.png */; };
		2E845C7916D2E1D7004E6CED /* m31.png in Resources */ = {isa = PBXBuildFile; fileRef = 2E845C5216D2E1D7004E6CED /* m31.png */; };
		2E845C7A16D2E1D7004E6CED /* m38.png in Resources */ = {isa = PBXBuildFile; fileRef = 2E845C5316D2E1D7004E6CED /* m38.png */; };
		2E845C7B16D2E1D7004E6CED /* m41.png in Resources */ = {isa = PBXBuildFile; fileRef = 2E845C5416D2E1D7004E6CED /* m41.png */; };
		2E845C7C16D2E1D7004E6CED /* m42.png in Resources */ = {isa = PBXBuildFile; fileRef = 2E845C5516D2E1D7004E6CED /* m42.png */; };
		2E845C7D16D2E1D7004E6CED /* m43.png in Resources */ = {isa = PBXBuildFile; fileRef = 2E845C5616D2E1D7004E6CED /* m43.png */; };
		2E845C7E16D2E1D7004E6CED /* m44.png in Resources */ = {isa = PBXBuildFile; fileRef = 2E845C5716D2E1D7004E6CED /* m44.png */; };
		2E845C7F16D2E1D7004E6CED /* m45.png in Resources */ = {isa = PBXBuildFile; fileRef = 2E845C5816D2E1D7004E6CED /* m45.png */; };
		2E845C8016D2E1D7004E6CED /* m48.png in Resources */ = {isa = PBXBuildFile; fileRef = 2E845C5916D2E1D7004E6CED /* m48.png */; };
		2E845C8116D2E1D7004E6CED /* m49.png in Resources */ = {isa = PBXBuildFile; fileRef = 2E845C5A16D2E1D7004E6CED /* m49.png */; };
		2E845C8216D2E1D7004E6CED /* m51.png in Resources */ = {isa = PBXBuildFile; fileRef = 2E845C5B16D2E1D7004E6CED /* m51.png */; };
		2E845C8316D2E1D7004E6CED /* prices_2_bg.jpg in Resources */ = {isa = PBXBuildFile; fileRef = 2E845C5C16D2E1D7004E6CED /* prices_2_bg.jpg */; };
		933E0AEE16D2D68100686883 /* KFCRestaurantsListViewController.m in Sources */ = {isa = PBXBuildFile; fileRef = 933E0AED16D2D68100686883 /* KFCRestaurantsListViewController.m */; };
		933E0AF116D2D69200686883 /* KFCRestaurantsDetailViewController.m in Sources */ = {isa = PBXBuildFile; fileRef = 933E0AF016D2D69200686883 /* KFCRestaurantsDetailViewController.m */; };
		933E0AF516D2D8F900686883 /* KFCFlipFromRightSegue.m in Sources */ = {isa = PBXBuildFile; fileRef = 933E0AF416D2D8F900686883 /* KFCFlipFromRightSegue.m */; };
		933E0AF816D2D92E00686883 /* KFCFlipFromLeftSegue.m in Sources */ = {isa = PBXBuildFile; fileRef = 933E0AF716D2D92E00686883 /* KFCFlipFromLeftSegue.m */; };
		9364947616D11A7E00F265DF /* KFCRestaurantsMapViewController.m in Sources */ = {isa = PBXBuildFile; fileRef = 9364947516D11A7E00F265DF /* KFCRestaurantsMapViewController.m */; };
		9364947816D11AE600F265DF /* MapKit.framework in Frameworks */ = {isa = PBXBuildFile; fileRef = 9364947716D11AE600F265DF /* MapKit.framework */; };
		9364947B16D1401C00F265DF /* RestourantAnnotation.m in Sources */ = {isa = PBXBuildFile; fileRef = 9364947A16D1401C00F265DF /* RestourantAnnotation.m */; };
		C7998A3516CD1A3100729FE3 /* KFCDataModel.xcdatamodeld in Sources */ = {isa = PBXBuildFile; fileRef = C7998A3316CD1A3100729FE3 /* KFCDataModel.xcdatamodeld */; };
		C7998A3C16CD208600729FE3 /* Type.m in Sources */ = {isa = PBXBuildFile; fileRef = C7998A3B16CD208600729FE3 /* Type.m */; };
		C7998A6D16CD20F300729FE3 /* DataManager.m in Sources */ = {isa = PBXBuildFile; fileRef = C7998A6C16CD20F300729FE3 /* DataManager.m */; };
		C7998A7016CD22F600729FE3 /* CoreData.framework in Frameworks */ = {isa = PBXBuildFile; fileRef = C7998A6E16CD22E200729FE3 /* CoreData.framework */; };
		C7998A7616CD250200729FE3 /* Menu.m in Sources */ = {isa = PBXBuildFile; fileRef = C7998A7516CD250200729FE3 /* Menu.m */; };
		C7998A7916CD251700729FE3 /* Image.m in Sources */ = {isa = PBXBuildFile; fileRef = C7998A7816CD251700729FE3 /* Image.m */; };
		C7998A9716CD4BE100729FE3 /* Restaurant.m in Sources */ = {isa = PBXBuildFile; fileRef = C7998A9616CD4BE100729FE3 /* Restaurant.m */; };
		C7998A9A16CD567000729FE3 /* City.m in Sources */ = {isa = PBXBuildFile; fileRef = C7998A9916CD567000729FE3 /* City.m */; };
		C79CB10516CE7F9A00771DBA /* KFCTabBarController.m in Sources */ = {isa = PBXBuildFile; fileRef = C79CB10416CE7F9A00771DBA /* KFCTabBarController.m */; };
		C79CB11816CEA71E00771DBA /* kfc-tabbar-selected-0@2x.png in Resources */ = {isa = PBXBuildFile; fileRef = C79CB11516CEA71E00771DBA /* kfc-tabbar-selected-0@2x.png */; };
		C79CB11916CEA71E00771DBA /* kfc-tabbar-selected-2@2x.png in Resources */ = {isa = PBXBuildFile; fileRef = C79CB11616CEA71E00771DBA /* kfc-tabbar-selected-2@2x.png */; };
		C79CB11A16CEA71E00771DBA /* kfc-tabbar-selected-1@2x.png in Resources */ = {isa = PBXBuildFile; fileRef = C79CB11716CEA71E00771DBA /* kfc-tabbar-selected-1@2x.png */; };
		C79CB11C16CEA78300771DBA /* transparent.png in Resources */ = {isa = PBXBuildFile; fileRef = C79CB11B16CEA78300771DBA /* transparent.png */; };
		C7A19F5A16CBC09000CE9CEE /* UIKit.framework in Frameworks */ = {isa = PBXBuildFile; fileRef = C7A19F5916CBC09000CE9CEE /* UIKit.framework */; };
		C7A19F5C16CBC09000CE9CEE /* Foundation.framework in Frameworks */ = {isa = PBXBuildFile; fileRef = C7A19F5B16CBC09000CE9CEE /* Foundation.framework */; };
		C7A19F5E16CBC09000CE9CEE /* CoreGraphics.framework in Frameworks */ = {isa = PBXBuildFile; fileRef = C7A19F5D16CBC09000CE9CEE /* CoreGraphics.framework */; };
		C7A19F6416CBC09000CE9CEE /* InfoPlist.strings in Resources */ = {isa = PBXBuildFile; fileRef = C7A19F6216CBC09000CE9CEE /* InfoPlist.strings */; };
		C7A19F6616CBC09000CE9CEE /* main.m in Sources */ = {isa = PBXBuildFile; fileRef = C7A19F6516CBC09000CE9CEE /* main.m */; };
		C7A19F6A16CBC09000CE9CEE /* AppDelegate.m in Sources */ = {isa = PBXBuildFile; fileRef = C7A19F6916CBC09000CE9CEE /* AppDelegate.m */; };
		C7A19F6C16CBC09000CE9CEE /* Default.png in Resources */ = {isa = PBXBuildFile; fileRef = C7A19F6B16CBC09000CE9CEE /* Default.png */; };
		C7A19F6E16CBC09000CE9CEE /* Default@2x.png in Resources */ = {isa = PBXBuildFile; fileRef = C7A19F6D16CBC09000CE9CEE /* Default@2x.png */; };
		C7A19F7016CBC09000CE9CEE /* Default-568h@2x.png in Resources */ = {isa = PBXBuildFile; fileRef = C7A19F6F16CBC09000CE9CEE /* Default-568h@2x.png */; };
		C7A19F7316CBC09000CE9CEE /* MainStoryboard.storyboard in Resources */ = {isa = PBXBuildFile; fileRef = C7A19F7116CBC09000CE9CEE /* MainStoryboard.storyboard */; };
/* End PBXBuildFile section */

/* Begin PBXFileReference section */
		2E845BC116D2AA1E004E6CED /* KFCMenuViewController.h */ = {isa = PBXFileReference; fileEncoding = 4; lastKnownFileType = sourcecode.c.h; path = KFCMenuViewController.h; sourceTree = "<group>"; };
		2E845BC216D2AA1E004E6CED /* KFCMenuViewController.m */ = {isa = PBXFileReference; fileEncoding = 4; lastKnownFileType = sourcecode.c.objc; path = KFCMenuViewController.m; sourceTree = "<group>"; };
		2E845BC816D2BB62004E6CED /* KFCNavBar.h */ = {isa = PBXFileReference; fileEncoding = 4; lastKnownFileType = sourcecode.c.h; path = KFCNavBar.h; sourceTree = "<group>"; };
		2E845BC916D2BB62004E6CED /* KFCNavBar.m */ = {isa = PBXFileReference; fileEncoding = 4; lastKnownFileType = sourcecode.c.objc; path = KFCNavBar.m; sourceTree = "<group>"; };
		2E845BCD16D2C0C3004E6CED /* accesory.png */ = {isa = PBXFileReference; lastKnownFileType = image.png; path = accesory.png; sourceTree = "<group>"; };
		2E845BCF16D2C20F004E6CED /* bg@2x.png */ = {isa = PBXFileReference; lastKnownFileType = image.png; path = "bg@2x.png"; sourceTree = "<group>"; };
		2E845BD116D2C232004E6CED /* KFCBackground.h */ = {isa = PBXFileReference; fileEncoding = 4; lastKnownFileType = sourcecode.c.h; path = KFCBackground.h; sourceTree = "<group>"; };
		2E845BD216D2C232004E6CED /* KFCBackground.m */ = {isa = PBXFileReference; fileEncoding = 4; lastKnownFileType = sourcecode.c.objc; path = KFCBackground.m; sourceTree = "<group>"; };
		2E845BD416D2C3A7004E6CED /* navbar@2x.png */ = {isa = PBXFileReference; lastKnownFileType = image.png; path = "navbar@2x.png"; sourceTree = "<group>"; };
		2E845BD616D2C588004E6CED /* KFCMenuItemsViewController.h */ = {isa = PBXFileReference; fileEncoding = 4; lastKnownFileType = sourcecode.c.h; path = KFCMenuItemsViewController.h; sourceTree = "<group>"; };
		2E845BD716D2C588004E6CED /* KFCMenuItemsViewController.m */ = {isa = PBXFileReference; fileEncoding = 4; lastKnownFileType = sourcecode.c.objc; path = KFCMenuItemsViewController.m; sourceTree = "<group>"; };
		2E845C3616D2E1D7004E6CED /* m1.png */ = {isa = PBXFileReference; lastKnownFileType = image.png; path = m1.png; sourceTree = "<group>"; };
		2E845C3716D2E1D7004E6CED /* m2.png */ = {isa = PBXFileReference; lastKnownFileType = image.png; path = m2.png; sourceTree = "<group>"; };
		2E845C3816D2E1D7004E6CED /* m3.png */ = {isa = PBXFileReference; lastKnownFileType = image.png; path = m3.png; sourceTree = "<group>"; };
		2E845C3916D2E1D7004E6CED /* m4.png */ = {isa = PBXFileReference; lastKnownFileType = image.png; path = m4.png; sourceTree = "<group>"; };
		2E845C3A16D2E1D7004E6CED /* m5.png */ = {isa = PBXFileReference; lastKnownFileType = image.png; path = m5.png; sourceTree = "<group>"; };
		2E845C3B16D2E1D7004E6CED /* m6.png */ = {isa = PBXFileReference; lastKnownFileType = image.png; path = m6.png; sourceTree = "<group>"; };
		2E845C3C16D2E1D7004E6CED /* m7.png */ = {isa = PBXFileReference; lastKnownFileType = image.png; path = m7.png; sourceTree = "<group>"; };
		2E845C3D16D2E1D7004E6CED /* m8.png */ = {isa = PBXFileReference; lastKnownFileType = image.png; path = m8.png; sourceTree = "<group>"; };
		2E845C3E16D2E1D7004E6CED /* m9.png */ = {isa = PBXFileReference; lastKnownFileType = image.png; path = m9.png; sourceTree = "<group>"; };
		2E845C3F16D2E1D7004E6CED /* m10.png */ = {isa = PBXFileReference; lastKnownFileType = image.png; path = m10.png; sourceTree = "<group>"; };
		2E845C4016D2E1D7004E6CED /* m11.png */ = {isa = PBXFileReference; lastKnownFileType = image.png; path = m11.png; sourceTree = "<group>"; };
		2E845C4116D2E1D7004E6CED /* m13.png */ = {isa = PBXFileReference; lastKnownFileType = image.png; path = m13.png; sourceTree = "<group>"; };
		2E845C4216D2E1D7004E6CED /* m14.png */ = {isa = PBXFileReference; lastKnownFileType = image.png; path = m14.png; sourceTree = "<group>"; };
		2E845C4316D2E1D7004E6CED /* m16.png */ = {isa = PBXFileReference; lastKnownFileType = image.png; path = m16.png; sourceTree = "<group>"; };
		2E845C4416D2E1D7004E6CED /* m17.png */ = {isa = PBXFileReference; lastKnownFileType = image.png; path = m17.png; sourceTree = "<group>"; };
		2E845C4516D2E1D7004E6CED /* m18.png */ = {isa = PBXFileReference; lastKnownFileType = image.png; path = m18.png; sourceTree = "<group>"; };
		2E845C4616D2E1D7004E6CED /* m19.png */ = {isa = PBXFileReference; lastKnownFileType = image.png; path = m19.png; sourceTree = "<group>"; };
		2E845C4716D2E1D7004E6CED /* m20.png */ = {isa = PBXFileReference; lastKnownFileType = image.png; path = m20.png; sourceTree = "<group>"; };
		2E845C4816D2E1D7004E6CED /* m21.png */ = {isa = PBXFileReference; lastKnownFileType = image.png; path = m21.png; sourceTree = "<group>"; };
		2E845C4916D2E1D7004E6CED /* m22.png */ = {isa = PBXFileReference; lastKnownFileType = image.png; path = m22.png; sourceTree = "<group>"; };
		2E845C4A16D2E1D7004E6CED /* m23.png */ = {isa = PBXFileReference; lastKnownFileType = image.png; path = m23.png; sourceTree = "<group>"; };
		2E845C4B16D2E1D7004E6CED /* m24.png */ = {isa = PBXFileReference; lastKnownFileType = image.png; path = m24.png; sourceTree = "<group>"; };
		2E845C4C16D2E1D7004E6CED /* m25.png */ = {isa = PBXFileReference; lastKnownFileType = image.png; path = m25.png; sourceTree = "<group>"; };
		2E845C4D16D2E1D7004E6CED /* m26.png */ = {isa = PBXFileReference; lastKnownFileType = image.png; path = m26.png; sourceTree = "<group>"; };
		2E845C4E16D2E1D7004E6CED /* m27.png */ = {isa = PBXFileReference; lastKnownFileType = image.png; path = m27.png; sourceTree = "<group>"; };
		2E845C4F16D2E1D7004E6CED /* m28.png */ = {isa = PBXFileReference; lastKnownFileType = image.png; path = m28.png; sourceTree = "<group>"; };
		2E845C5016D2E1D7004E6CED /* m29.png */ = {isa = PBXFileReference; lastKnownFileType = image.png; path = m29.png; sourceTree = "<group>"; };
		2E845C5116D2E1D7004E6CED /* m30.png */ = {isa = PBXFileReference; lastKnownFileType = image.png; path = m30.png; sourceTree = "<group>"; };
		2E845C5216D2E1D7004E6CED /* m31.png */ = {isa = PBXFileReference; lastKnownFileType = image.png; path = m31.png; sourceTree = "<group>"; };
		2E845C5316D2E1D7004E6CED /* m38.png */ = {isa = PBXFileReference; lastKnownFileType = image.png; path = m38.png; sourceTree = "<group>"; };
		2E845C5416D2E1D7004E6CED /* m41.png */ = {isa = PBXFileReference; lastKnownFileType = image.png; path = m41.png; sourceTree = "<group>"; };
		2E845C5516D2E1D7004E6CED /* m42.png */ = {isa = PBXFileReference; lastKnownFileType = image.png; path = m42.png; sourceTree = "<group>"; };
		2E845C5616D2E1D7004E6CED /* m43.png */ = {isa = PBXFileReference; lastKnownFileType = image.png; path = m43.png; sourceTree = "<group>"; };
		2E845C5716D2E1D7004E6CED /* m44.png */ = {isa = PBXFileReference; lastKnownFileType = image.png; path = m44.png; sourceTree = "<group>"; };
		2E845C5816D2E1D7004E6CED /* m45.png */ = {isa = PBXFileReference; lastKnownFileType = image.png; path = m45.png; sourceTree = "<group>"; };
		2E845C5916D2E1D7004E6CED /* m48.png */ = {isa = PBXFileReference; lastKnownFileType = image.png; path = m48.png; sourceTree = "<group>"; };
		2E845C5A16D2E1D7004E6CED /* m49.png */ = {isa = PBXFileReference; lastKnownFileType = image.png; path = m49.png; sourceTree = "<group>"; };
		2E845C5B16D2E1D7004E6CED /* m51.png */ = {isa = PBXFileReference; lastKnownFileType = image.png; path = m51.png; sourceTree = "<group>"; };
		2E845C5C16D2E1D7004E6CED /* prices_2_bg.jpg */ = {isa = PBXFileReference; lastKnownFileType = image.jpeg; path = prices_2_bg.jpg; sourceTree = "<group>"; };
		933E0AEC16D2D68100686883 /* KFCRestaurantsListViewController.h */ = {isa = PBXFileReference; fileEncoding = 4; lastKnownFileType = sourcecode.c.h; path = KFCRestaurantsListViewController.h; sourceTree = "<group>"; };
		933E0AED16D2D68100686883 /* KFCRestaurantsListViewController.m */ = {isa = PBXFileReference; fileEncoding = 4; lastKnownFileType = sourcecode.c.objc; path = KFCRestaurantsListViewController.m; sourceTree = "<group>"; };
		933E0AEF16D2D69200686883 /* KFCRestaurantsDetailViewController.h */ = {isa = PBXFileReference; fileEncoding = 4; lastKnownFileType = sourcecode.c.h; path = KFCRestaurantsDetailViewController.h; sourceTree = "<group>"; };
		933E0AF016D2D69200686883 /* KFCRestaurantsDetailViewController.m */ = {isa = PBXFileReference; fileEncoding = 4; lastKnownFileType = sourcecode.c.objc; path = KFCRestaurantsDetailViewController.m; sourceTree = "<group>"; };
		933E0AF316D2D8F900686883 /* KFCFlipFromRightSegue.h */ = {isa = PBXFileReference; fileEncoding = 4; lastKnownFileType = sourcecode.c.h; path = KFCFlipFromRightSegue.h; sourceTree = "<group>"; };
		933E0AF416D2D8F900686883 /* KFCFlipFromRightSegue.m */ = {isa = PBXFileReference; fileEncoding = 4; lastKnownFileType = sourcecode.c.objc; path = KFCFlipFromRightSegue.m; sourceTree = "<group>"; };
		933E0AF616D2D92E00686883 /* KFCFlipFromLeftSegue.h */ = {isa = PBXFileReference; fileEncoding = 4; lastKnownFileType = sourcecode.c.h; path = KFCFlipFromLeftSegue.h; sourceTree = "<group>"; };
		933E0AF716D2D92E00686883 /* KFCFlipFromLeftSegue.m */ = {isa = PBXFileReference; fileEncoding = 4; lastKnownFileType = sourcecode.c.objc; path = KFCFlipFromLeftSegue.m; sourceTree = "<group>"; };
		9364947416D11A7E00F265DF /* KFCRestaurantsMapViewController.h */ = {isa = PBXFileReference; fileEncoding = 4; lastKnownFileType = sourcecode.c.h; path = KFCRestaurantsMapViewController.h; sourceTree = "<group>"; };
		9364947516D11A7E00F265DF /* KFCRestaurantsMapViewController.m */ = {isa = PBXFileReference; fileEncoding = 4; lastKnownFileType = sourcecode.c.objc; path = KFCRestaurantsMapViewController.m; sourceTree = "<group>"; };
		9364947716D11AE600F265DF /* MapKit.framework */ = {isa = PBXFileReference; lastKnownFileType = wrapper.framework; name = MapKit.framework; path = System/Library/Frameworks/MapKit.framework; sourceTree = SDKROOT; };
		9364947916D1401C00F265DF /* RestourantAnnotation.h */ = {isa = PBXFileReference; fileEncoding = 4; lastKnownFileType = sourcecode.c.h; path = RestourantAnnotation.h; sourceTree = "<group>"; };
		9364947A16D1401C00F265DF /* RestourantAnnotation.m */ = {isa = PBXFileReference; fileEncoding = 4; lastKnownFileType = sourcecode.c.objc; path = RestourantAnnotation.m; sourceTree = "<group>"; };
		C7998A3416CD1A3100729FE3 /* KFCDataModel.xcdatamodel */ = {isa = PBXFileReference; lastKnownFileType = wrapper.xcdatamodel; path = KFCDataModel.xcdatamodel; sourceTree = "<group>"; };
		C7998A3A16CD208600729FE3 /* Type.h */ = {isa = PBXFileReference; fileEncoding = 4; lastKnownFileType = sourcecode.c.h; path = Type.h; sourceTree = "<group>"; };
		C7998A3B16CD208600729FE3 /* Type.m */ = {isa = PBXFileReference; fileEncoding = 4; lastKnownFileType = sourcecode.c.objc; path = Type.m; sourceTree = "<group>"; };
		C7998A6B16CD20F300729FE3 /* DataManager.h */ = {isa = PBXFileReference; fileEncoding = 4; lastKnownFileType = sourcecode.c.h; path = DataManager.h; sourceTree = "<group>"; };
		C7998A6C16CD20F300729FE3 /* DataManager.m */ = {isa = PBXFileReference; fileEncoding = 4; lastKnownFileType = sourcecode.c.objc; path = DataManager.m; sourceTree = "<group>"; };
		C7998A6E16CD22E200729FE3 /* CoreData.framework */ = {isa = PBXFileReference; lastKnownFileType = wrapper.framework; name = CoreData.framework; path = System/Library/Frameworks/CoreData.framework; sourceTree = SDKROOT; };
		C7998A7416CD250200729FE3 /* Menu.h */ = {isa = PBXFileReference; fileEncoding = 4; lastKnownFileType = sourcecode.c.h; path = Menu.h; sourceTree = "<group>"; };
		C7998A7516CD250200729FE3 /* Menu.m */ = {isa = PBXFileReference; fileEncoding = 4; lastKnownFileType = sourcecode.c.objc; path = Menu.m; sourceTree = "<group>"; };
		C7998A7716CD251700729FE3 /* Image.h */ = {isa = PBXFileReference; fileEncoding = 4; lastKnownFileType = sourcecode.c.h; path = Image.h; sourceTree = "<group>"; };
		C7998A7816CD251700729FE3 /* Image.m */ = {isa = PBXFileReference; fileEncoding = 4; lastKnownFileType = sourcecode.c.objc; path = Image.m; sourceTree = "<group>"; };
		C7998A9516CD4BE100729FE3 /* Restaurant.h */ = {isa = PBXFileReference; fileEncoding = 4; lastKnownFileType = sourcecode.c.h; path = Restaurant.h; sourceTree = "<group>"; };
		C7998A9616CD4BE100729FE3 /* Restaurant.m */ = {isa = PBXFileReference; fileEncoding = 4; lastKnownFileType = sourcecode.c.objc; path = Restaurant.m; sourceTree = "<group>"; };
		C7998A9816CD567000729FE3 /* City.h */ = {isa = PBXFileReference; fileEncoding = 4; lastKnownFileType = sourcecode.c.h; path = City.h; sourceTree = "<group>"; };
		C7998A9916CD567000729FE3 /* City.m */ = {isa = PBXFileReference; fileEncoding = 4; lastKnownFileType = sourcecode.c.objc; path = City.m; sourceTree = "<group>"; };
		C79CB10316CE7F9A00771DBA /* KFCTabBarController.h */ = {isa = PBXFileReference; fileEncoding = 4; lastKnownFileType = sourcecode.c.h; path = KFCTabBarController.h; sourceTree = "<group>"; };
		C79CB10416CE7F9A00771DBA /* KFCTabBarController.m */ = {isa = PBXFileReference; fileEncoding = 4; lastKnownFileType = sourcecode.c.objc; path = KFCTabBarController.m; sourceTree = "<group>"; };
		C79CB11516CEA71E00771DBA /* kfc-tabbar-selected-0@2x.png */ = {isa = PBXFileReference; lastKnownFileType = image.png; path = "kfc-tabbar-selected-0@2x.png"; sourceTree = "<group>"; };
		C79CB11616CEA71E00771DBA /* kfc-tabbar-selected-2@2x.png */ = {isa = PBXFileReference; lastKnownFileType = image.png; path = "kfc-tabbar-selected-2@2x.png"; sourceTree = "<group>"; };
		C79CB11716CEA71E00771DBA /* kfc-tabbar-selected-1@2x.png */ = {isa = PBXFileReference; lastKnownFileType = image.png; path = "kfc-tabbar-selected-1@2x.png"; sourceTree = "<group>"; };
		C79CB11B16CEA78300771DBA /* transparent.png */ = {isa = PBXFileReference; lastKnownFileType = image.png; path = transparent.png; sourceTree = "<group>"; };
		C7A19F5516CBC09000CE9CEE /* KFC.app */ = {isa = PBXFileReference; explicitFileType = wrapper.application; includeInIndex = 0; path = KFC.app; sourceTree = BUILT_PRODUCTS_DIR; };
		C7A19F5916CBC09000CE9CEE /* UIKit.framework */ = {isa = PBXFileReference; lastKnownFileType = wrapper.framework; name = UIKit.framework; path = System/Library/Frameworks/UIKit.framework; sourceTree = SDKROOT; };
		C7A19F5B16CBC09000CE9CEE /* Foundation.framework */ = {isa = PBXFileReference; lastKnownFileType = wrapper.framework; name = Foundation.framework; path = System/Library/Frameworks/Foundation.framework; sourceTree = SDKROOT; };
		C7A19F5D16CBC09000CE9CEE /* CoreGraphics.framework */ = {isa = PBXFileReference; lastKnownFileType = wrapper.framework; name = CoreGraphics.framework; path = System/Library/Frameworks/CoreGraphics.framework; sourceTree = SDKROOT; };
		C7A19F6116CBC09000CE9CEE /* KFC-Info.plist */ = {isa = PBXFileReference; lastKnownFileType = text.plist.xml; path = "KFC-Info.plist"; sourceTree = "<group>"; };
		C7A19F6316CBC09000CE9CEE /* en */ = {isa = PBXFileReference; lastKnownFileType = text.plist.strings; name = en; path = en.lproj/InfoPlist.strings; sourceTree = "<group>"; };
		C7A19F6516CBC09000CE9CEE /* main.m */ = {isa = PBXFileReference; lastKnownFileType = sourcecode.c.objc; path = main.m; sourceTree = "<group>"; };
		C7A19F6716CBC09000CE9CEE /* KFC-Prefix.pch */ = {isa = PBXFileReference; lastKnownFileType = sourcecode.c.h; path = "KFC-Prefix.pch"; sourceTree = "<group>"; };
		C7A19F6816CBC09000CE9CEE /* AppDelegate.h */ = {isa = PBXFileReference; lastKnownFileType = sourcecode.c.h; path = AppDelegate.h; sourceTree = "<group>"; };
		C7A19F6916CBC09000CE9CEE /* AppDelegate.m */ = {isa = PBXFileReference; lastKnownFileType = sourcecode.c.objc; path = AppDelegate.m; sourceTree = "<group>"; };
		C7A19F6B16CBC09000CE9CEE /* Default.png */ = {isa = PBXFileReference; lastKnownFileType = image.png; path = Default.png; sourceTree = "<group>"; };
		C7A19F6D16CBC09000CE9CEE /* Default@2x.png */ = {isa = PBXFileReference; lastKnownFileType = image.png; path = "Default@2x.png"; sourceTree = "<group>"; };
		C7A19F6F16CBC09000CE9CEE /* Default-568h@2x.png */ = {isa = PBXFileReference; lastKnownFileType = image.png; path = "Default-568h@2x.png"; sourceTree = "<group>"; };
		C7A19F7216CBC09000CE9CEE /* en */ = {isa = PBXFileReference; lastKnownFileType = file.storyboard; name = en; path = en.lproj/MainStoryboard.storyboard; sourceTree = "<group>"; };
/* End PBXFileReference section */

/* Begin PBXFrameworksBuildPhase section */
		C7A19F5216CBC09000CE9CEE /* Frameworks */ = {
			isa = PBXFrameworksBuildPhase;
			buildActionMask = 2147483647;
			files = (
				9364947816D11AE600F265DF /* MapKit.framework in Frameworks */,
				C7998A7016CD22F600729FE3 /* CoreData.framework in Frameworks */,
				C7A19F5A16CBC09000CE9CEE /* UIKit.framework in Frameworks */,
				C7A19F5C16CBC09000CE9CEE /* Foundation.framework in Frameworks */,
				C7A19F5E16CBC09000CE9CEE /* CoreGraphics.framework in Frameworks */,
			);
			runOnlyForDeploymentPostprocessing = 0;
		};
/* End PBXFrameworksBuildPhase section */

/* Begin PBXGroup section */
		2E845BC716D2BB4C004E6CED /* Views */ = {
			isa = PBXGroup;
			children = (
				2E845BC816D2BB62004E6CED /* KFCNavBar.h */,
				2E845BC916D2BB62004E6CED /* KFCNavBar.m */,
				2E845BD116D2C232004E6CED /* KFCBackground.h */,
				2E845BD216D2C232004E6CED /* KFCBackground.m */,
			);
			name = Views;
			sourceTree = "<group>";
		};
		2E845C3416D2E1C5004E6CED /* Menu Images */ = {
			isa = PBXGroup;
			children = (
				2E845C3616D2E1D7004E6CED /* m1.png */,
				2E845C3716D2E1D7004E6CED /* m2.png */,
				2E845C3816D2E1D7004E6CED /* m3.png */,
				2E845C3916D2E1D7004E6CED /* m4.png */,
				2E845C3A16D2E1D7004E6CED /* m5.png */,
				2E845C3B16D2E1D7004E6CED /* m6.png */,
				2E845C3C16D2E1D7004E6CED /* m7.png */,
				2E845C3D16D2E1D7004E6CED /* m8.png */,
				2E845C3E16D2E1D7004E6CED /* m9.png */,
				2E845C3F16D2E1D7004E6CED /* m10.png */,
				2E845C4016D2E1D7004E6CED /* m11.png */,
				2E845C4116D2E1D7004E6CED /* m13.png */,
				2E845C4216D2E1D7004E6CED /* m14.png */,
				2E845C4316D2E1D7004E6CED /* m16.png */,
				2E845C4416D2E1D7004E6CED /* m17.png */,
				2E845C4516D2E1D7004E6CED /* m18.png */,
				2E845C4616D2E1D7004E6CED /* m19.png */,
				2E845C4716D2E1D7004E6CED /* m20.png */,
				2E845C4816D2E1D7004E6CED /* m21.png */,
				2E845C4916D2E1D7004E6CED /* m22.png */,
				2E845C4A16D2E1D7004E6CED /* m23.png */,
				2E845C4B16D2E1D7004E6CED /* m24.png */,
				2E845C4C16D2E1D7004E6CED /* m25.png */,
				2E845C4D16D2E1D7004E6CED /* m26.png */,
				2E845C4E16D2E1D7004E6CED /* m27.png */,
				2E845C4F16D2E1D7004E6CED /* m28.png */,
				2E845C5016D2E1D7004E6CED /* m29.png */,
				2E845C5116D2E1D7004E6CED /* m30.png */,
				2E845C5216D2E1D7004E6CED /* m31.png */,
				2E845C5316D2E1D7004E6CED /* m38.png */,
				2E845C5416D2E1D7004E6CED /* m41.png */,
				2E845C5516D2E1D7004E6CED /* m42.png */,
				2E845C5616D2E1D7004E6CED /* m43.png */,
				2E845C5716D2E1D7004E6CED /* m44.png */,
				2E845C5816D2E1D7004E6CED /* m45.png */,
				2E845C5916D2E1D7004E6CED /* m48.png */,
				2E845C5A16D2E1D7004E6CED /* m49.png */,
				2E845C5B16D2E1D7004E6CED /* m51.png */,
				2E845C5C16D2E1D7004E6CED /* prices_2_bg.jpg */,
			);
			name = "Menu Images";
			sourceTree = "<group>";
		};
		933E0AF216D2D8A200686883 /* CustomSegue */ = {
			isa = PBXGroup;
			children = (
				933E0AF316D2D8F900686883 /* KFCFlipFromRightSegue.h */,
				933E0AF416D2D8F900686883 /* KFCFlipFromRightSegue.m */,
				933E0AF616D2D92E00686883 /* KFCFlipFromLeftSegue.h */,
				933E0AF716D2D92E00686883 /* KFCFlipFromLeftSegue.m */,
			);
			name = CustomSegue;
			sourceTree = "<group>";
		};
		C7998A3116CD19FC00729FE3 /* Data Model */ = {
			isa = PBXGroup;
			children = (
				C7998A3316CD1A3100729FE3 /* KFCDataModel.xcdatamodeld */,
				C7998A6B16CD20F300729FE3 /* DataManager.h */,
				C7998A6C16CD20F300729FE3 /* DataManager.m */,
				2E845C3416D2E1C5004E6CED /* Menu Images */,
				C7998A6A16CD20D400729FE3 /* Data Objects */,
			);
			name = "Data Model";
			sourceTree = "<group>";
		};
		C7998A6A16CD20D400729FE3 /* Data Objects */ = {
			isa = PBXGroup;
			children = (
				C7998A3A16CD208600729FE3 /* Type.h */,
				C7998A3B16CD208600729FE3 /* Type.m */,
				C7998A7416CD250200729FE3 /* Menu.h */,
				C7998A7516CD250200729FE3 /* Menu.m */,
				C7998A7716CD251700729FE3 /* Image.h */,
				C7998A7816CD251700729FE3 /* Image.m */,
				C7998A9516CD4BE100729FE3 /* Restaurant.h */,
				C7998A9616CD4BE100729FE3 /* Restaurant.m */,
				C7998A9816CD567000729FE3 /* City.h */,
				C7998A9916CD567000729FE3 /* City.m */,
			);
			name = "Data Objects";
			sourceTree = "<group>";
		};
		C79CB0F716CE7B2E00771DBA /* Images */ = {
			isa = PBXGroup;
			children = (
				2E845BCF16D2C20F004E6CED /* bg@2x.png */,
				2E845BCD16D2C0C3004E6CED /* accesory.png */,
				2E845BD416D2C3A7004E6CED /* navbar@2x.png */,
				C79CB0F916CE7B3900771DBA /* TabBar  */,
			);
			name = Images;
			sourceTree = "<group>";
		};
		C79CB0F916CE7B3900771DBA /* TabBar  */ = {
			isa = PBXGroup;
			children = (
				C79CB11B16CEA78300771DBA /* transparent.png */,
				C79CB11516CEA71E00771DBA /* kfc-tabbar-selected-0@2x.png */,
				C79CB11616CEA71E00771DBA /* kfc-tabbar-selected-2@2x.png */,
				C79CB11716CEA71E00771DBA /* kfc-tabbar-selected-1@2x.png */,
			);
			name = "TabBar ";
			sourceTree = "<group>";
		};
		C7A19F4A16CBC09000CE9CEE = {
			isa = PBXGroup;
			children = (
				C7A19F5F16CBC09000CE9CEE /* KFC */,
				C7A19F5816CBC09000CE9CEE /* Frameworks */,
				C7A19F5616CBC09000CE9CEE /* Products */,
			);
			sourceTree = "<group>";
		};
		C7A19F5616CBC09000CE9CEE /* Products */ = {
			isa = PBXGroup;
			children = (
				C7A19F5516CBC09000CE9CEE /* KFC.app */,
			);
			name = Products;
			sourceTree = "<group>";
		};
		C7A19F5816CBC09000CE9CEE /* Frameworks */ = {
			isa = PBXGroup;
			children = (
				9364947716D11AE600F265DF /* MapKit.framework */,
				C7998A6E16CD22E200729FE3 /* CoreData.framework */,
				C7A19F5916CBC09000CE9CEE /* UIKit.framework */,
				C7A19F5B16CBC09000CE9CEE /* Foundation.framework */,
				C7A19F5D16CBC09000CE9CEE /* CoreGraphics.framework */,
			);
			name = Frameworks;
			sourceTree = "<group>";
		};
		C7A19F5F16CBC09000CE9CEE /* KFC */ = {
			isa = PBXGroup;
			children = (
				C7A19F6816CBC09000CE9CEE /* AppDelegate.h */,
				C7A19F6916CBC09000CE9CEE /* AppDelegate.m */,
				9364947916D1401C00F265DF /* RestourantAnnotation.h */,
				9364947A16D1401C00F265DF /* RestourantAnnotation.m */,
				C7A19F7116CBC09000CE9CEE /* MainStoryboard.storyboard */,
				C79CB10316CE7F9A00771DBA /* KFCTabBarController.h */,
				C79CB10416CE7F9A00771DBA /* KFCTabBarController.m */,
				9364947416D11A7E00F265DF /* KFCRestaurantsMapViewController.h */,
				9364947516D11A7E00F265DF /* KFCRestaurantsMapViewController.m */,
				933E0AF216D2D8A200686883 /* CustomSegue */,
				933E0AEC16D2D68100686883 /* KFCRestaurantsListViewController.h */,
				933E0AED16D2D68100686883 /* KFCRestaurantsListViewController.m */,
				933E0AEF16D2D69200686883 /* KFCRestaurantsDetailViewController.h */,
				933E0AF016D2D69200686883 /* KFCRestaurantsDetailViewController.m */,
				2E845BC116D2AA1E004E6CED /* KFCMenuViewController.h */,
				2E845BC216D2AA1E004E6CED /* KFCMenuViewController.m */,
				2E845BD616D2C588004E6CED /* KFCMenuItemsViewController.h */,
				2E845BD716D2C588004E6CED /* KFCMenuItemsViewController.m */,
				2E845BC716D2BB4C004E6CED /* Views */,
				C7998A3116CD19FC00729FE3 /* Data Model */,
				C79CB0F716CE7B2E00771DBA /* Images */,
				C7A19F6016CBC09000CE9CEE /* Supporting Files */,
			);
			path = KFC;
			sourceTree = "<group>";
		};
		C7A19F6016CBC09000CE9CEE /* Supporting Files */ = {
			isa = PBXGroup;
			children = (
				C7A19F6116CBC09000CE9CEE /* KFC-Info.plist */,
				C7A19F6216CBC09000CE9CEE /* InfoPlist.strings */,
				C7A19F6516CBC09000CE9CEE /* main.m */,
				C7A19F6716CBC09000CE9CEE /* KFC-Prefix.pch */,
				C7A19F6B16CBC09000CE9CEE /* Default.png */,
				C7A19F6D16CBC09000CE9CEE /* Default@2x.png */,
				C7A19F6F16CBC09000CE9CEE /* Default-568h@2x.png */,
			);
			name = "Supporting Files";
			sourceTree = "<group>";
		};
/* End PBXGroup section */

/* Begin PBXNativeTarget section */
		C7A19F5416CBC09000CE9CEE /* KFC */ = {
			isa = PBXNativeTarget;
			buildConfigurationList = C7A19F7916CBC09000CE9CEE /* Build configuration list for PBXNativeTarget "KFC" */;
			buildPhases = (
				C7A19F5116CBC09000CE9CEE /* Sources */,
				C7A19F5216CBC09000CE9CEE /* Frameworks */,
				C7A19F5316CBC09000CE9CEE /* Resources */,
			);
			buildRules = (
			);
			dependencies = (
			);
			name = KFC;
			productName = KFC;
			productReference = C7A19F5516CBC09000CE9CEE /* KFC.app */;
			productType = "com.apple.product-type.application";
		};
/* End PBXNativeTarget section */

/* Begin PBXProject section */
		C7A19F4C16CBC09000CE9CEE /* Project object */ = {
			isa = PBXProject;
			attributes = {
				LastUpgradeCheck = 0450;
				ORGANIZATIONNAME = Dobby;
			};
			buildConfigurationList = C7A19F4F16CBC09000CE9CEE /* Build configuration list for PBXProject "KFC" */;
			compatibilityVersion = "Xcode 3.2";
			developmentRegion = English;
			hasScannedForEncodings = 0;
			knownRegions = (
				en,
			);
			mainGroup = C7A19F4A16CBC09000CE9CEE;
			productRefGroup = C7A19F5616CBC09000CE9CEE /* Products */;
			projectDirPath = "";
			projectRoot = "";
			targets = (
				C7A19F5416CBC09000CE9CEE /* KFC */,
			);
		};
/* End PBXProject section */

/* Begin PBXResourcesBuildPhase section */
		C7A19F5316CBC09000CE9CEE /* Resources */ = {
			isa = PBXResourcesBuildPhase;
			buildActionMask = 2147483647;
			files = (
				C7A19F6416CBC09000CE9CEE /* InfoPlist.strings in Resources */,
				C7A19F6C16CBC09000CE9CEE /* Default.png in Resources */,
				C7A19F6E16CBC09000CE9CEE /* Default@2x.png in Resources */,
				C7A19F7016CBC09000CE9CEE /* Default-568h@2x.png in Resources */,
				C7A19F7316CBC09000CE9CEE /* MainStoryboard.storyboard in Resources */,
				C79CB11816CEA71E00771DBA /* kfc-tabbar-selected-0@2x.png in Resources */,
				C79CB11916CEA71E00771DBA /* kfc-tabbar-selected-2@2x.png in Resources */,
				C79CB11A16CEA71E00771DBA /* kfc-tabbar-selected-1@2x.png in Resources */,
				C79CB11C16CEA78300771DBA /* transparent.png in Resources */,
				2E845BCE16D2C0C3004E6CED /* accesory.png in Resources */,
				2E845BD016D2C20F004E6CED /* bg@2x.png in Resources */,
				2E845BD516D2C3A7004E6CED /* navbar@2x.png in Resources */,
				2E845C5D16D2E1D7004E6CED /* m1.png in Resources */,
				2E845C5E16D2E1D7004E6CED /* m2.png in Resources */,
				2E845C5F16D2E1D7004E6CED /* m3.png in Resources */,
				2E845C6016D2E1D7004E6CED /* m4.png in Resources */,
				2E845C6116D2E1D7004E6CED /* m5.png in Resources */,
				2E845C6216D2E1D7004E6CED /* m6.png in Resources */,
				2E845C6316D2E1D7004E6CED /* m7.png in Resources */,
				2E845C6416D2E1D7004E6CED /* m8.png in Resources */,
				2E845C6516D2E1D7004E6CED /* m9.png in Resources */,
				2E845C6616D2E1D7004E6CED /* m10.png in Resources */,
				2E845C6716D2E1D7004E6CED /* m11.png in Resources */,
				2E845C6816D2E1D7004E6CED /* m13.png in Resources */,
				2E845C6916D2E1D7004E6CED /* m14.png in Resources */,
				2E845C6A16D2E1D7004E6CED /* m16.png in Resources */,
				2E845C6B16D2E1D7004E6CED /* m17.png in Resources */,
				2E845C6C16D2E1D7004E6CED /* m18.png in Resources */,
				2E845C6D16D2E1D7004E6CED /* m19.png in Resources */,
				2E845C6E16D2E1D7004E6CED /* m20.png in Resources */,
				2E845C6F16D2E1D7004E6CED /* m21.png in Resources */,
				2E845C7016D2E1D7004E6CED /* m22.png in Resources */,
				2E845C7116D2E1D7004E6CED /* m23.png in Resources */,
				2E845C7216D2E1D7004E6CED /* m24.png in Resources */,
				2E845C7316D2E1D7004E6CED /* m25.png in Resources */,
				2E845C7416D2E1D7004E6CED /* m26.png in Resources */,
				2E845C7516D2E1D7004E6CED /* m27.png in Resources */,
				2E845C7616D2E1D7004E6CED /* m28.png in Resources */,
				2E845C7716D2E1D7004E6CED /* m29.png in Resources */,
				2E845C7816D2E1D7004E6CED /* m30.png in Resources */,
				2E845C7916D2E1D7004E6CED /* m31.png in Resources */,
				2E845C7A16D2E1D7004E6CED /* m38.png in Resources */,
				2E845C7B16D2E1D7004E6CED /* m41.png in Resources */,
				2E845C7C16D2E1D7004E6CED /* m42.png in Resources */,
				2E845C7D16D2E1D7004E6CED /* m43.png in Resources */,
				2E845C7E16D2E1D7004E6CED /* m44.png in Resources */,
				2E845C7F16D2E1D7004E6CED /* m45.png in Resources */,
				2E845C8016D2E1D7004E6CED /* m48.png in Resources */,
				2E845C8116D2E1D7004E6CED /* m49.png in Resources */,
				2E845C8216D2E1D7004E6CED /* m51.png in Resources */,
				2E845C8316D2E1D7004E6CED /* prices_2_bg.jpg in Resources */,
			);
			runOnlyForDeploymentPostprocessing = 0;
		};
/* End PBXResourcesBuildPhase section */

/* Begin PBXSourcesBuildPhase section */
		C7A19F5116CBC09000CE9CEE /* Sources */ = {
			isa = PBXSourcesBuildPhase;
			buildActionMask = 2147483647;
			files = (
				C7A19F6616CBC09000CE9CEE /* main.m in Sources */,
				C7A19F6A16CBC09000CE9CEE /* AppDelegate.m in Sources */,
				C7998A3516CD1A3100729FE3 /* KFCDataModel.xcdatamodeld in Sources */,
				C7998A3C16CD208600729FE3 /* Type.m in Sources */,
				C7998A6D16CD20F300729FE3 /* DataManager.m in Sources */,
				C7998A7616CD250200729FE3 /* Menu.m in Sources */,
				C7998A7916CD251700729FE3 /* Image.m in Sources */,
				C7998A9716CD4BE100729FE3 /* Restaurant.m in Sources */,
				C7998A9A16CD567000729FE3 /* City.m in Sources */,
				C79CB10516CE7F9A00771DBA /* KFCTabBarController.m in Sources */,
				9364947616D11A7E00F265DF /* KFCRestaurantsMapViewController.m in Sources */,
				9364947B16D1401C00F265DF /* RestourantAnnotation.m in Sources */,
				2E845BC316D2AA1E004E6CED /* KFCMenuViewController.m in Sources */,
				2E845BCA16D2BB62004E6CED /* KFCNavBar.m in Sources */,
				2E845BD316D2C232004E6CED /* KFCBackground.m in Sources */,
				2E845BD816D2C588004E6CED /* KFCMenuItemsViewController.m in Sources */,
				933E0AEE16D2D68100686883 /* KFCRestaurantsListViewController.m in Sources */,
				933E0AF116D2D69200686883 /* KFCRestaurantsDetailViewController.m in Sources */,
				933E0AF516D2D8F900686883 /* KFCFlipFromRightSegue.m in Sources */,
				933E0AF816D2D92E00686883 /* KFCFlipFromLeftSegue.m in Sources */,
			);
			runOnlyForDeploymentPostprocessing = 0;
		};
/* End PBXSourcesBuildPhase section */

/* Begin PBXVariantGroup section */
		C7A19F6216CBC09000CE9CEE /* InfoPlist.strings */ = {
			isa = PBXVariantGroup;
			children = (
				C7A19F6316CBC09000CE9CEE /* en */,
			);
			name = InfoPlist.strings;
			sourceTree = "<group>";
		};
		C7A19F7116CBC09000CE9CEE /* MainStoryboard.storyboard */ = {
			isa = PBXVariantGroup;
			children = (
				C7A19F7216CBC09000CE9CEE /* en */,
			);
			name = MainStoryboard.storyboard;
			sourceTree = "<group>";
		};
/* End PBXVariantGroup section */

/* Begin XCBuildConfiguration section */
		C7A19F7716CBC09000CE9CEE /* Debug */ = {
			isa = XCBuildConfiguration;
			buildSettings = {
				ALWAYS_SEARCH_USER_PATHS = NO;
				CLANG_CXX_LANGUAGE_STANDARD = "gnu++0x";
				CLANG_CXX_LIBRARY = "libc++";
				CLANG_ENABLE_OBJC_ARC = YES;
				CLANG_WARN_EMPTY_BODY = YES;
				CLANG_WARN__DUPLICATE_METHOD_MATCH = YES;
				"CODE_SIGN_IDENTITY[sdk=iphoneos*]" = "iPhone Developer";
				COPY_PHASE_STRIP = NO;
				GCC_C_LANGUAGE_STANDARD = gnu99;
				GCC_DYNAMIC_NO_PIC = NO;
				GCC_OPTIMIZATION_LEVEL = 0;
				GCC_PREPROCESSOR_DEFINITIONS = (
					"DEBUG=1",
					"$(inherited)",
				);
				GCC_SYMBOLS_PRIVATE_EXTERN = NO;
				GCC_WARN_ABOUT_RETURN_TYPE = YES;
				GCC_WARN_UNINITIALIZED_AUTOS = YES;
				GCC_WARN_UNUSED_VARIABLE = YES;
				IPHONEOS_DEPLOYMENT_TARGET = 6.0;
				ONLY_ACTIVE_ARCH = YES;
				SDKROOT = iphoneos;
			};
			name = Debug;
		};
		C7A19F7816CBC09000CE9CEE /* Release */ = {
			isa = XCBuildConfiguration;
			buildSettings = {
				ALWAYS_SEARCH_USER_PATHS = NO;
				CLANG_CXX_LANGUAGE_STANDARD = "gnu++0x";
				CLANG_CXX_LIBRARY = "libc++";
				CLANG_ENABLE_OBJC_ARC = YES;
				CLANG_WARN_EMPTY_BODY = YES;
				CLANG_WARN__DUPLICATE_METHOD_MATCH = YES;
				"CODE_SIGN_IDENTITY[sdk=iphoneos*]" = "iPhone Developer";
				COPY_PHASE_STRIP = YES;
				GCC_C_LANGUAGE_STANDARD = gnu99;
				GCC_WARN_ABOUT_RETURN_TYPE = YES;
				GCC_WARN_UNINITIALIZED_AUTOS = YES;
				GCC_WARN_UNUSED_VARIABLE = YES;
				IPHONEOS_DEPLOYMENT_TARGET = 6.0;
				OTHER_CFLAGS = "-DNS_BLOCK_ASSERTIONS=1";
				SDKROOT = iphoneos;
				VALIDATE_PRODUCT = YES;
			};
			name = Release;
		};
		C7A19F7A16CBC09000CE9CEE /* Debug */ = {
			isa = XCBuildConfiguration;
			buildSettings = {
				CODE_SIGN_IDENTITY = "iPhone Developer: Nikola Kirev (SE39T6UF6M)";
				"CODE_SIGN_IDENTITY[sdk=iphoneos*]" = "iPhone Developer: Nikola Kirev (SE39T6UF6M)";
				GCC_PRECOMPILE_PREFIX_HEADER = YES;
				GCC_PREFIX_HEADER = "KFC/KFC-Prefix.pch";
				INFOPLIST_FILE = "KFC/KFC-Info.plist";
				PRODUCT_NAME = "$(TARGET_NAME)";
				PROVISIONING_PROFILE = "7870EF43-4A0B-4F52-AD8C-C9CC770C9BA2";
				"PROVISIONING_PROFILE[sdk=iphoneos*]" = "7870EF43-4A0B-4F52-AD8C-C9CC770C9BA2";
				WRAPPER_EXTENSION = app;
			};
			name = Debug;
		};
		C7A19F7B16CBC09000CE9CEE /* Release */ = {
			isa = XCBuildConfiguration;
			buildSettings = {
				GCC_PRECOMPILE_PREFIX_HEADER = YES;
				GCC_PREFIX_HEADER = "KFC/KFC-Prefix.pch";
				INFOPLIST_FILE = "KFC/KFC-Info.plist";
				PRODUCT_NAME = "$(TARGET_NAME)";
				WRAPPER_EXTENSION = app;
			};
			name = Release;
		};
/* End XCBuildConfiguration section */

/* Begin XCConfigurationList section */
		C7A19F4F16CBC09000CE9CEE /* Build configuration list for PBXProject "KFC" */ = {
			isa = XCConfigurationList;
			buildConfigurations = (
				C7A19F7716CBC09000CE9CEE /* Debug */,
				C7A19F7816CBC09000CE9CEE /* Release */,
			);
			defaultConfigurationIsVisible = 0;
			defaultConfigurationName = Release;
		};
		C7A19F7916CBC09000CE9CEE /* Build configuration list for PBXNativeTarget "KFC" */ = {
			isa = XCConfigurationList;
			buildConfigurations = (
				C7A19F7A16CBC09000CE9CEE /* Debug */,
				C7A19F7B16CBC09000CE9CEE /* Release */,
			);
			defaultConfigurationIsVisible = 0;
			defaultConfigurationName = Release;
		};
/* End XCConfigurationList section */

/* Begin XCVersionGroup section */
		C7998A3316CD1A3100729FE3 /* KFCDataModel.xcdatamodeld */ = {
			isa = XCVersionGroup;
			children = (
				C7998A3416CD1A3100729FE3 /* KFCDataModel.xcdatamodel */,
			);
			currentVersion = C7998A3416CD1A3100729FE3 /* KFCDataModel.xcdatamodel */;
			path = KFCDataModel.xcdatamodeld;
			sourceTree = "<group>";
			versionGroupType = wrapper.xcdatamodel;
		};
/* End XCVersionGroup section */
	};
	rootObject = C7A19F4C16CBC09000CE9CEE /* Project object */;
}
